
Microsoft Visual Studio Solution File, Format Version 12.00
Project("{FAE04EC0-301F-11D3-BF4B-00C04F79EFBC}") = "Chat.Api", "Chat.Api\Chat.Api.csproj", "{F0DDE2F5-717D-4F59-98CA-17AF80DBCD4D}"
EndProject
Project("{FAE04EC0-301F-11D3-BF4B-00C04F79EFBC}") = "Chat.Application", "Chat.Application\Chat.Application.csproj", "{6C0B8301-D2F6-4026-98EC-FE3DFD3FF9BA}"
EndProject
Project("{FAE04EC0-301F-11D3-BF4B-00C04F79EFBC}") = "Chat.Infrastructure", "Chat.Infrastructure\Chat.Infrastructure.csproj", "{D5A40505-CFCE-45D8-A8EE-A5D41157EB82}"
EndProject
Project("{FAE04EC0-301F-11D3-BF4B-00C04F79EFBC}") = "Chat.Domain", "Chat.Domain\Chat.Domain.csproj", "{AD8D4F45-689C-4D82-B0A0-076C33B6E0A6}"
EndProject
Project("{2150E333-8FDC-42A3-9474-1A3956D46DE8}") = "Solution Items", "Solution Items", "{E1D6CBAE-9DD1-4C56-8539-0E0B553A3C40}"
	ProjectSection(SolutionItems) = preProject
		compose.yaml = compose.yaml
		..\..\.env = ..\..\.env
	EndProjectSection
EndProject
Project("{FAE04EC0-301F-11D3-BF4B-00C04F79EFBC}") = "Chat.Grpc", "Chat.Grpc\Chat.Grpc.csproj", "{66E98B5C-8B2F-4149-AD33-532D672FDBC8}"
EndProject
Global
	GlobalSection(SolutionConfigurationPlatforms) = preSolution
		Debug|Any CPU = Debug|Any CPU
		Debug|x64 = Debug|x64
		Debug|x86 = Debug|x86
		Release|Any CPU = Release|Any CPU
		Release|x64 = Release|x64
		Release|x86 = Release|x86
	EndGlobalSection
	GlobalSection(ProjectConfigurationPlatforms) = postSolution
		{F0DDE2F5-717D-4F59-98CA-17AF80DBCD4D}.Debug|Any CPU.ActiveCfg = Debug|Any CPU
		{F0DDE2F5-717D-4F59-98CA-17AF80DBCD4D}.Debug|Any CPU.Build.0 = Debug|Any CPU
		{F0DDE2F5-717D-4F59-98CA-17AF80DBCD4D}.Debug|x64.ActiveCfg = Debug|Any CPU
		{F0DDE2F5-717D-4F59-98CA-17AF80DBCD4D}.Debug|x64.Build.0 = Debug|Any CPU
		{F0DDE2F5-717D-4F59-98CA-17AF80DBCD4D}.Debug|x86.ActiveCfg = Debug|Any CPU
		{F0DDE2F5-717D-4F59-98CA-17AF80DBCD4D}.Debug|x86.Build.0 = Debug|Any CPU
		{F0DDE2F5-717D-4F59-98CA-17AF80DBCD4D}.Release|Any CPU.ActiveCfg = Release|Any CPU
		{F0DDE2F5-717D-4F59-98CA-17AF80DBCD4D}.Release|Any CPU.Build.0 = Release|Any CPU
		{F0DDE2F5-717D-4F59-98CA-17AF80DBCD4D}.Release|x64.ActiveCfg = Release|Any CPU
		{F0DDE2F5-717D-4F59-98CA-17AF80DBCD4D}.Release|x64.Build.0 = Release|Any CPU
		{F0DDE2F5-717D-4F59-98CA-17AF80DBCD4D}.Release|x86.ActiveCfg = Release|Any CPU
		{F0DDE2F5-717D-4F59-98CA-17AF80DBCD4D}.Release|x86.Build.0 = Release|Any CPU
		{6C0B8301-D2F6-4026-98EC-FE3DFD3FF9BA}.Debug|Any CPU.ActiveCfg = Debug|Any CPU
		{6C0B8301-D2F6-4026-98EC-FE3DFD3FF9BA}.Debug|Any CPU.Build.0 = Debug|Any CPU
		{6C0B8301-D2F6-4026-98EC-FE3DFD3FF9BA}.Debug|x64.ActiveCfg = Debug|Any CPU
		{6C0B8301-D2F6-4026-98EC-FE3DFD3FF9BA}.Debug|x64.Build.0 = Debug|Any CPU
		{6C0B8301-D2F6-4026-98EC-FE3DFD3FF9BA}.Debug|x86.ActiveCfg = Debug|Any CPU
		{6C0B8301-D2F6-4026-98EC-FE3DFD3FF9BA}.Debug|x86.Build.0 = Debug|Any CPU
		{6C0B8301-D2F6-4026-98EC-FE3DFD3FF9BA}.Release|Any CPU.ActiveCfg = Release|Any CPU
		{6C0B8301-D2F6-4026-98EC-FE3DFD3FF9BA}.Release|Any CPU.Build.0 = Release|Any CPU
		{6C0B8301-D2F6-4026-98EC-FE3DFD3FF9BA}.Release|x64.ActiveCfg = Release|Any CPU
		{6C0B8301-D2F6-4026-98EC-FE3DFD3FF9BA}.Release|x64.Build.0 = Release|Any CPU
		{6C0B8301-D2F6-4026-98EC-FE3DFD3FF9BA}.Release|x86.ActiveCfg = Release|Any CPU
		{6C0B8301-D2F6-4026-98EC-FE3DFD3FF9BA}.Release|x86.Build.0 = Release|Any CPU
		{D5A40505-CFCE-45D8-A8EE-A5D41157EB82}.Debug|Any CPU.ActiveCfg = Debug|Any CPU
		{D5A40505-CFCE-45D8-A8EE-A5D41157EB82}.Debug|Any CPU.Build.0 = Debug|Any CPU
		{D5A40505-CFCE-45D8-A8EE-A5D41157EB82}.Debug|x64.ActiveCfg = Debug|Any CPU
		{D5A40505-CFCE-45D8-A8EE-A5D41157EB82}.Debug|x64.Build.0 = Debug|Any CPU
		{D5A40505-CFCE-45D8-A8EE-A5D41157EB82}.Debug|x86.ActiveCfg = Debug|Any CPU
		{D5A40505-CFCE-45D8-A8EE-A5D41157EB82}.Debug|x86.Build.0 = Debug|Any CPU
		{D5A40505-CFCE-45D8-A8EE-A5D41157EB82}.Release|Any CPU.ActiveCfg = Release|Any CPU
		{D5A40505-CFCE-45D8-A8EE-A5D41157EB82}.Release|Any CPU.Build.0 = Release|Any CPU
		{D5A40505-CFCE-45D8-A8EE-A5D41157EB82}.Release|x64.ActiveCfg = Release|Any CPU
		{D5A40505-CFCE-45D8-A8EE-A5D41157EB82}.Release|x64.Build.0 = Release|Any CPU
		{D5A40505-CFCE-45D8-A8EE-A5D41157EB82}.Release|x86.ActiveCfg = Release|Any CPU
		{D5A40505-CFCE-45D8-A8EE-A5D41157EB82}.Release|x86.Build.0 = Release|Any CPU
		{AD8D4F45-689C-4D82-B0A0-076C33B6E0A6}.Debug|Any CPU.ActiveCfg = Debug|Any CPU
		{AD8D4F45-689C-4D82-B0A0-076C33B6E0A6}.Debug|Any CPU.Build.0 = Debug|Any CPU
		{AD8D4F45-689C-4D82-B0A0-076C33B6E0A6}.Debug|x64.ActiveCfg = Debug|Any CPU
		{AD8D4F45-689C-4D82-B0A0-076C33B6E0A6}.Debug|x64.Build.0 = Debug|Any CPU
		{AD8D4F45-689C-4D82-B0A0-076C33B6E0A6}.Debug|x86.ActiveCfg = Debug|Any CPU
		{AD8D4F45-689C-4D82-B0A0-076C33B6E0A6}.Debug|x86.Build.0 = Debug|Any CPU
		{AD8D4F45-689C-4D82-B0A0-076C33B6E0A6}.Release|Any CPU.ActiveCfg = Release|Any CPU
		{AD8D4F45-689C-4D82-B0A0-076C33B6E0A6}.Release|Any CPU.Build.0 = Release|Any CPU
		{AD8D4F45-689C-4D82-B0A0-076C33B6E0A6}.Release|x64.ActiveCfg = Release|Any CPU
		{AD8D4F45-689C-4D82-B0A0-076C33B6E0A6}.Release|x64.Build.0 = Release|Any CPU
		{AD8D4F45-689C-4D82-B0A0-076C33B6E0A6}.Release|x86.ActiveCfg = Release|Any CPU
		{AD8D4F45-689C-4D82-B0A0-076C33B6E0A6}.Release|x86.Build.0 = Release|Any CPU
		{66E98B5C-8B2F-4149-AD33-532D672FDBC8}.Debug|Any CPU.ActiveCfg = Debug|Any CPU
		{66E98B5C-8B2F-4149-AD33-532D672FDBC8}.Debug|Any CPU.Build.0 = Debug|Any CPU
		{66E98B5C-8B2F-4149-AD33-532D672FDBC8}.Debug|x64.ActiveCfg = Debug|Any CPU
		{66E98B5C-8B2F-4149-AD33-532D672FDBC8}.Debug|x64.Build.0 = Debug|Any CPU
		{66E98B5C-8B2F-4149-AD33-532D672FDBC8}.Debug|x86.ActiveCfg = Debug|Any CPU
		{66E98B5C-8B2F-4149-AD33-532D672FDBC8}.Debug|x86.Build.0 = Debug|Any CPU
		{66E98B5C-8B2F-4149-AD33-532D672FDBC8}.Release|Any CPU.ActiveCfg = Release|Any CPU
		{66E98B5C-8B2F-4149-AD33-532D672FDBC8}.Release|Any CPU.Build.0 = Release|Any CPU
		{66E98B5C-8B2F-4149-AD33-532D672FDBC8}.Release|x64.ActiveCfg = Release|Any CPU
		{66E98B5C-8B2F-4149-AD33-532D672FDBC8}.Release|x64.Build.0 = Release|Any CPU
		{66E98B5C-8B2F-4149-AD33-532D672FDBC8}.Release|x86.ActiveCfg = Release|Any CPU
		{66E98B5C-8B2F-4149-AD33-532D672FDBC8}.Release|x86.Build.0 = Release|Any CPU
	EndGlobalSection
	GlobalSection(SolutionProperties) = preSolution
		HideSolutionNode = FALSE
	EndGlobalSection
EndGlobal
